
Microsoft Visual Studio Solution File, Format Version 12.00
# Visual Studio Version 17
VisualStudioVersion = 17.3.32811.315
MinimumVisualStudioVersion = 10.0.40219.1
Project("{FAE04EC0-301F-11D3-BF4B-00C04F79EFBC}") = "XREFS0CarRental", "XREFS0CarRental\XREFS0CarRental.csproj", "{4D3B57D8-C2BF-4E01-889C-0A07A2833A80}"
EndProject
Project("{FAE04EC0-301F-11D3-BF4B-00C04F79EFBC}") = "XREFS0Data", "XREFS0Data\XREFS0Data.csproj", "{70D9A6B8-BABD-4BA9-9813-02B89116E696}"
EndProject
Project("{FAE04EC0-301F-11D3-BF4B-00C04F79EFBC}") = "XREFS0Business", "XREFS0Business\XREFS0Business.csproj", "{AE24C8EE-2138-49B4-8421-F53A215EBAEE}"
EndProject
Global
	GlobalSection(SolutionConfigurationPlatforms) = preSolution
		Debug|Any CPU = Debug|Any CPU
		Release|Any CPU = Release|Any CPU
	EndGlobalSection
	GlobalSection(ProjectConfigurationPlatforms) = postSolution
		{4D3B57D8-C2BF-4E01-889C-0A07A2833A80}.Debug|Any CPU.ActiveCfg = Debug|Any CPU
		{4D3B57D8-C2BF-4E01-889C-0A07A2833A80}.Debug|Any CPU.Build.0 = Debug|Any CPU
		{4D3B57D8-C2BF-4E01-889C-0A07A2833A80}.Release|Any CPU.ActiveCfg = Release|Any CPU
		{4D3B57D8-C2BF-4E01-889C-0A07A2833A80}.Release|Any CPU.Build.0 = Release|Any CPU
		{70D9A6B8-BABD-4BA9-9813-02B89116E696}.Debug|Any CPU.ActiveCfg = Debug|Any CPU
		{70D9A6B8-BABD-4BA9-9813-02B89116E696}.Debug|Any CPU.Build.0 = Debug|Any CPU
		{70D9A6B8-BABD-4BA9-9813-02B89116E696}.Release|Any CPU.ActiveCfg = Release|Any CPU
		{70D9A6B8-BABD-4BA9-9813-02B89116E696}.Release|Any CPU.Build.0 = Release|Any CPU
		{AE24C8EE-2138-49B4-8421-F53A215EBAEE}.Debug|Any CPU.ActiveCfg = Debug|Any CPU
		{AE24C8EE-2138-49B4-8421-F53A215EBAEE}.Debug|Any CPU.Build.0 = Debug|Any CPU
		{AE24C8EE-2138-49B4-8421-F53A215EBAEE}.Release|Any CPU.ActiveCfg = Release|Any CPU
		{AE24C8EE-2138-49B4-8421-F53A215EBAEE}.Release|Any CPU.Build.0 = Release|Any CPU
	EndGlobalSection
	GlobalSection(SolutionProperties) = preSolution
		HideSolutionNode = FALSE
	EndGlobalSection
	GlobalSection(ExtensibilityGlobals) = postSolution
		SolutionGuid = {34C19FD3-71A3-45D7-BCE2-A86D1AA5E34D}
	EndGlobalSection
EndGlobal
